
Microsoft Visual Studio Solution File, Format Version 12.00
# Visual Studio Version 17
VisualStudioVersion = 17.8.34525.116
MinimumVisualStudioVersion = 10.0.40219.1
Project("{FAE04EC0-301F-11D3-BF4B-00C04F79EFBC}") = "Week2", "Week2\Week2.csproj", "{EC1C1B86-8B6A-42E0-A63E-1F9160A32814}"
EndProject
Project("{FAE04EC0-301F-11D3-BF4B-00C04F79EFBC}") = "UserGenderValidation", "UserAgeValidation\UserGenderValidation.csproj", "{808AB90C-9088-4C06-8F5B-EDF1AEE60DD5}"
EndProject
Project("{FAE04EC0-301F-11D3-BF4B-00C04F79EFBC}") = "UserAgeValidation1", "UserAgeValidation1\UserAgeValidation1.csproj", "{B8A31F37-E9E2-431D-A04F-D628D7C39BE7}"
EndProject
Global
	GlobalSection(SolutionConfigurationPlatforms) = preSolution
		Debug|Any CPU = Debug|Any CPU
		Release|Any CPU = Release|Any CPU
	EndGlobalSection
	GlobalSection(ProjectConfigurationPlatforms) = postSolution
		{EC1C1B86-8B6A-42E0-A63E-1F9160A32814}.Debug|Any CPU.ActiveCfg = Debug|Any CPU
		{EC1C1B86-8B6A-42E0-A63E-1F9160A32814}.Debug|Any CPU.Build.0 = Debug|Any CPU
		{EC1C1B86-8B6A-42E0-A63E-1F9160A32814}.Release|Any CPU.ActiveCfg = Release|Any CPU
		{EC1C1B86-8B6A-42E0-A63E-1F9160A32814}.Release|Any CPU.Build.0 = Release|Any CPU
		{808AB90C-9088-4C06-8F5B-EDF1AEE60DD5}.Debug|Any CPU.ActiveCfg = Debug|Any CPU
		{808AB90C-9088-4C06-8F5B-EDF1AEE60DD5}.Debug|Any CPU.Build.0 = Debug|Any CPU
		{808AB90C-9088-4C06-8F5B-EDF1AEE60DD5}.Release|Any CPU.ActiveCfg = Release|Any CPU
		{808AB90C-9088-4C06-8F5B-EDF1AEE60DD5}.Release|Any CPU.Build.0 = Release|Any CPU
		{B8A31F37-E9E2-431D-A04F-D628D7C39BE7}.Debug|Any CPU.ActiveCfg = Debug|Any CPU
		{B8A31F37-E9E2-431D-A04F-D628D7C39BE7}.Debug|Any CPU.Build.0 = Debug|Any CPU
		{B8A31F37-E9E2-431D-A04F-D628D7C39BE7}.Release|Any CPU.ActiveCfg = Release|Any CPU
		{B8A31F37-E9E2-431D-A04F-D628D7C39BE7}.Release|Any CPU.Build.0 = Release|Any CPU
	EndGlobalSection
	GlobalSection(SolutionProperties) = preSolution
		HideSolutionNode = FALSE
	EndGlobalSection
	GlobalSection(ExtensibilityGlobals) = postSolution
		SolutionGuid = {C008B814-D28A-4630-AA42-DEFFC0662394}
	EndGlobalSection
EndGlobal
